
Microsoft Visual Studio Solution File, Format Version 12.00
# Visual Studio Version 17
VisualStudioVersion = 17.10.35004.147
MinimumVisualStudioVersion = 10.0.40219.1
Project("{8BC9CEB8-8B4A-11D0-8D11-00A0C91BC942}") = "MWL DXP50 USB UMDF 2 Driver", "MWL DXP50 USB UMDF 2 Driver.vcxproj", "{D0E74D9A-F781-4C78-A62D-88FDA3AABE61}"
EndProject
Global
	GlobalSection(SolutionConfigurationPlatforms) = preSolution
		Debug|ARM64 = Debug|ARM64
		Debug|x64 = Debug|x64
		Release|ARM64 = Release|ARM64
		Release|x64 = Release|x64
	EndGlobalSection
	GlobalSection(ProjectConfigurationPlatforms) = postSolution
		{D0E74D9A-F781-4C78-A62D-88FDA3AABE61}.Debug|ARM64.ActiveCfg = Debug|ARM64
		{D0E74D9A-F781-4C78-A62D-88FDA3AABE61}.Debug|ARM64.Build.0 = Debug|ARM64
		{D0E74D9A-F781-4C78-A62D-88FDA3AABE61}.Debug|x64.ActiveCfg = Debug|x64
		{D0E74D9A-F781-4C78-A62D-88FDA3AABE61}.Debug|x64.Build.0 = Debug|x64
		{D0E74D9A-F781-4C78-A62D-88FDA3AABE61}.Release|ARM64.ActiveCfg = Release|ARM64
		{D0E74D9A-F781-4C78-A62D-88FDA3AABE61}.Release|ARM64.Build.0 = Release|ARM64
		{D0E74D9A-F781-4C78-A62D-88FDA3AABE61}.Release|x64.ActiveCfg = Release|x64
		{D0E74D9A-F781-4C78-A62D-88FDA3AABE61}.Release|x64.Build.0 = Release|x64
	EndGlobalSection
	GlobalSection(SolutionProperties) = preSolution
		HideSolutionNode = FALSE
	EndGlobalSection
	GlobalSection(ExtensibilityGlobals) = postSolution
		SolutionGuid = {37893969-F284-4604-BB36-AEDB70D43F41}
	EndGlobalSection
EndGlobal
